
Microsoft Visual Studio Solution File, Format Version 12.00
# Visual Studio Version 17
VisualStudioVersion = 17.9.34622.214
MinimumVisualStudioVersion = 10.0.40219.1
Project("{FAE04EC0-301F-11D3-BF4B-00C04F79EFBC}") = "CompanyManagment", "CompanyManagment\CompanyManagment.csproj", "{DED7CD98-503C-46AB-97B1-B881EB287245}"
EndProject
Global
	GlobalSection(SolutionConfigurationPlatforms) = preSolution
		Debug|Any CPU = Debug|Any CPU
		Release|Any CPU = Release|Any CPU
	EndGlobalSection
	GlobalSection(ProjectConfigurationPlatforms) = postSolution
		{DED7CD98-503C-46AB-97B1-B881EB287245}.Debug|Any CPU.ActiveCfg = Debug|Any CPU
		{DED7CD98-503C-46AB-97B1-B881EB287245}.Debug|Any CPU.Build.0 = Debug|Any CPU
		{DED7CD98-503C-46AB-97B1-B881EB287245}.Release|Any CPU.ActiveCfg = Release|Any CPU
		{DED7CD98-503C-46AB-97B1-B881EB287245}.Release|Any CPU.Build.0 = Release|Any CPU
	EndGlobalSection
	GlobalSection(SolutionProperties) = preSolution
		HideSolutionNode = FALSE
	EndGlobalSection
	GlobalSection(ExtensibilityGlobals) = postSolution
		SolutionGuid = {A2F3994E-48F1-43E5-B817-7C9DCB6DBCF4}
	EndGlobalSection
EndGlobal
